
Microsoft Visual Studio Solution File, Format Version 12.00
# Visual Studio Version 17
VisualStudioVersion = 17.0.32112.339
MinimumVisualStudioVersion = 10.0.40219.1
Project("{FAE04EC0-301F-11D3-BF4B-00C04F79EFBC}") = "GenericStudent", "GenericStudent\GenericStudent.csproj", "{588B2DEC-362C-4E9B-9ED2-B9A488AEE557}"
EndProject
Global
	GlobalSection(SolutionConfigurationPlatforms) = preSolution
		Debug|Any CPU = Debug|Any CPU
		Release|Any CPU = Release|Any CPU
	EndGlobalSection
	GlobalSection(ProjectConfigurationPlatforms) = postSolution
		{588B2DEC-362C-4E9B-9ED2-B9A488AEE557}.Debug|Any CPU.ActiveCfg = Debug|Any CPU
		{588B2DEC-362C-4E9B-9ED2-B9A488AEE557}.Debug|Any CPU.Build.0 = Debug|Any CPU
		{588B2DEC-362C-4E9B-9ED2-B9A488AEE557}.Release|Any CPU.ActiveCfg = Release|Any CPU
		{588B2DEC-362C-4E9B-9ED2-B9A488AEE557}.Release|Any CPU.Build.0 = Release|Any CPU
	EndGlobalSection
	GlobalSection(SolutionProperties) = preSolution
		HideSolutionNode = FALSE
	EndGlobalSection
	GlobalSection(ExtensibilityGlobals) = postSolution
		SolutionGuid = {80ACBD39-E6E1-46B2-967B-028CD9483E41}
	EndGlobalSection
EndGlobal
